// !$*UTF8*$!
{
	archiveVersion = 1;
	classes = {
	};
	objectVersion = 50;
	objects = {

/* Begin PBXBuildFile section */
		199484AC219442C8008DF759 /* AppDelegate.swift in Sources */ = {isa = PBXBuildFile; fileRef = 199484AB219442C8008DF759 /* AppDelegate.swift */; };
		199484AE219442C8008DF759 /* ViewController.swift in Sources */ = {isa = PBXBuildFile; fileRef = 199484AD219442C8008DF759 /* ViewController.swift */; };
		199484B1219442C8008DF759 /* Main.storyboard in Resources */ = {isa = PBXBuildFile; fileRef = 199484AF219442C8008DF759 /* Main.storyboard */; };
		199484B3219442C9008DF759 /* Assets.xcassets in Resources */ = {isa = PBXBuildFile; fileRef = 199484B2219442C9008DF759 /* Assets.xcassets */; };
		199484B6219442C9008DF759 /* LaunchScreen.storyboard in Resources */ = {isa = PBXBuildFile; fileRef = 199484B4219442C9008DF759 /* LaunchScreen.storyboard */; };
		199484BE21944382008DF759 /* LoginFormController.swift in Sources */ = {isa = PBXBuildFile; fileRef = 199484BD21944382008DF759 /* LoginFormController.swift */; };
		C75A096C21A02A1000CEDDF2 /* MyFriendsController.swift in Sources */ = {isa = PBXBuildFile; fileRef = C75A096B21A02A1000CEDDF2 /* MyFriendsController.swift */; };
		C75A096E21A02A3000CEDDF2 /* MyFriendsCell.swift in Sources */ = {isa = PBXBuildFile; fileRef = C75A096D21A02A3000CEDDF2 /* MyFriendsCell.swift */; };
		C75A097121A03FDB00CEDDF2 /* FriendsViewController.swift in Sources */ = {isa = PBXBuildFile; fileRef = C75A097021A03FDB00CEDDF2 /* FriendsViewController.swift */; };
		C75A097321A0401500CEDDF2 /* FriendsCell.swift in Sources */ = {isa = PBXBuildFile; fileRef = C75A097221A0401500CEDDF2 /* FriendsCell.swift */; };
		C77A553E21A18A8300431027 /* FilterViewController.swift in Sources */ = {isa = PBXBuildFile; fileRef = C77A553D21A18A8300431027 /* FilterViewController.swift */; };
		C77A554021A18AA400431027 /* FilterCell.swift in Sources */ = {isa = PBXBuildFile; fileRef = C77A553F21A18AA400431027 /* FilterCell.swift */; };
		C78B5B7D21A011E900FC56A2 /* AllFriendsController.swift in Sources */ = {isa = PBXBuildFile; fileRef = C78B5B7C21A011E900FC56A2 /* AllFriendsController.swift */; };
		C78B5B7F21A0121B00FC56A2 /* AllFriendsCell.swift in Sources */ = {isa = PBXBuildFile; fileRef = C78B5B7E21A0121B00FC56A2 /* AllFriendsCell.swift */; };
/* End PBXBuildFile section */

/* Begin PBXFileReference section */
		199484A8219442C8008DF759 /* Пользовательский интерфейс iOS-приложений.app */ = {isa = PBXFileReference; explicitFileType = wrapper.application; includeInIndex = 0; path = "Пользовательский интерфейс iOS-приложений.app"; sourceTree = BUILT_PRODUCTS_DIR; };
		199484AB219442C8008DF759 /* AppDelegate.swift */ = {isa = PBXFileReference; lastKnownFileType = sourcecode.swift; path = AppDelegate.swift; sourceTree = "<group>"; };
		199484AD219442C8008DF759 /* ViewController.swift */ = {isa = PBXFileReference; lastKnownFileType = sourcecode.swift; path = ViewController.swift; sourceTree = "<group>"; };
		199484B0219442C8008DF759 /* Base */ = {isa = PBXFileReference; lastKnownFileType = file.storyboard; name = Base; path = Base.lproj/Main.storyboard; sourceTree = "<group>"; };
		199484B2219442C9008DF759 /* Assets.xcassets */ = {isa = PBXFileReference; lastKnownFileType = folder.assetcatalog; path = Assets.xcassets; sourceTree = "<group>"; };
		199484B5219442C9008DF759 /* Base */ = {isa = PBXFileReference; lastKnownFileType = file.storyboard; name = Base; path = Base.lproj/LaunchScreen.storyboard; sourceTree = "<group>"; };
		199484B7219442C9008DF759 /* Info.plist */ = {isa = PBXFileReference; lastKnownFileType = text.plist.xml; path = Info.plist; sourceTree = "<group>"; };
		199484BD21944382008DF759 /* LoginFormController.swift */ = {isa = PBXFileReference; lastKnownFileType = sourcecode.swift; path = LoginFormController.swift; sourceTree = "<group>"; };
		C75A096B21A02A1000CEDDF2 /* MyFriendsController.swift */ = {isa = PBXFileReference; lastKnownFileType = sourcecode.swift; path = MyFriendsController.swift; sourceTree = "<group>"; };
		C75A096D21A02A3000CEDDF2 /* MyFriendsCell.swift */ = {isa = PBXFileReference; lastKnownFileType = sourcecode.swift; path = MyFriendsCell.swift; sourceTree = "<group>"; };
		C75A097021A03FDB00CEDDF2 /* FriendsViewController.swift */ = {isa = PBXFileReference; lastKnownFileType = sourcecode.swift; path = FriendsViewController.swift; sourceTree = "<group>"; };
		C75A097221A0401500CEDDF2 /* FriendsCell.swift */ = {isa = PBXFileReference; lastKnownFileType = sourcecode.swift; path = FriendsCell.swift; sourceTree = "<group>"; };
		C77A553D21A18A8300431027 /* FilterViewController.swift */ = {isa = PBXFileReference; lastKnownFileType = sourcecode.swift; path = FilterViewController.swift; sourceTree = "<group>"; };
		C77A553F21A18AA400431027 /* FilterCell.swift */ = {isa = PBXFileReference; lastKnownFileType = sourcecode.swift; path = FilterCell.swift; sourceTree = "<group>"; };
		C78B5B7C21A011E900FC56A2 /* AllFriendsController.swift */ = {isa = PBXFileReference; lastKnownFileType = sourcecode.swift; path = AllFriendsController.swift; sourceTree = "<group>"; };
		C78B5B7E21A0121B00FC56A2 /* AllFriendsCell.swift */ = {isa = PBXFileReference; lastKnownFileType = sourcecode.swift; path = AllFriendsCell.swift; sourceTree = "<group>"; };
/* End PBXFileReference section */

/* Begin PBXFrameworksBuildPhase section */
		199484A5219442C8008DF759 /* Frameworks */ = {
			isa = PBXFrameworksBuildPhase;
			buildActionMask = 2147483647;
			files = (
			);
			runOnlyForDeploymentPostprocessing = 0;
		};
/* End PBXFrameworksBuildPhase section */

/* Begin PBXGroup section */
		1994849F219442C8008DF759 = {
			isa = PBXGroup;
			children = (
				199484AA219442C8008DF759 /* Пользовательский интерфейс iOS-приложений */,
				199484A9219442C8008DF759 /* Products */,
			);
			sourceTree = "<group>";
		};
		199484A9219442C8008DF759 /* Products */ = {
			isa = PBXGroup;
			children = (
				199484A8219442C8008DF759 /* Пользовательский интерфейс iOS-приложений.app */,
			);
			name = Products;
			sourceTree = "<group>";
		};
		199484AA219442C8008DF759 /* Пользовательский интерфейс iOS-приложений */ = {
			isa = PBXGroup;
			children = (
				199484BD21944382008DF759 /* LoginFormController.swift */,
				199484AB219442C8008DF759 /* AppDelegate.swift */,
				199484AD219442C8008DF759 /* ViewController.swift */,
				C77A553C21A18A0B00431027 /* Group */,
				C75A096F21A03F5A00CEDDF2 /* DataFriends */,
				C75A096A21A029AD00CEDDF2 /* MyFriends */,
				C78B5B7B21A011A400FC56A2 /* AllFriends */,
				199484AF219442C8008DF759 /* Main.storyboard */,
				199484B2219442C9008DF759 /* Assets.xcassets */,
				199484B4219442C9008DF759 /* LaunchScreen.storyboard */,
				199484B7219442C9008DF759 /* Info.plist */,
			);
			path = "Пользовательский интерфейс iOS-приложений";
			sourceTree = "<group>";
		};
		C75A096A21A029AD00CEDDF2 /* MyFriends */ = {
			isa = PBXGroup;
			children = (
				C75A096B21A02A1000CEDDF2 /* MyFriendsController.swift */,
				C75A096D21A02A3000CEDDF2 /* MyFriendsCell.swift */,
			);
			path = MyFriends;
			sourceTree = "<group>";
		};
		C75A096F21A03F5A00CEDDF2 /* DataFriends */ = {
			isa = PBXGroup;
			children = (
				C75A097021A03FDB00CEDDF2 /* FriendsViewController.swift */,
				C75A097221A0401500CEDDF2 /* FriendsCell.swift */,
			);
			path = DataFriends;
			sourceTree = "<group>";
		};
		C77A553C21A18A0B00431027 /* Group */ = {
			isa = PBXGroup;
			children = (
				C77A553D21A18A8300431027 /* FilterViewController.swift */,
				C77A553F21A18AA400431027 /* FilterCell.swift */,
			);
			path = Group;
			sourceTree = "<group>";
		};
		C78B5B7B21A011A400FC56A2 /* AllFriends */ = {
			isa = PBXGroup;
			children = (
				C78B5B7C21A011E900FC56A2 /* AllFriendsController.swift */,
				C78B5B7E21A0121B00FC56A2 /* AllFriendsCell.swift */,
			);
			path = AllFriends;
			sourceTree = "<group>";
		};
/* End PBXGroup section */

/* Begin PBXNativeTarget section */
		199484A7219442C8008DF759 /* Пользовательский интерфейс iOS-приложений */ = {
			isa = PBXNativeTarget;
			buildConfigurationList = 199484BA219442C9008DF759 /* Build configuration list for PBXNativeTarget "Пользовательский интерфейс iOS-приложений" */;
			buildPhases = (
				199484A4219442C8008DF759 /* Sources */,
				199484A5219442C8008DF759 /* Frameworks */,
				199484A6219442C8008DF759 /* Resources */,
			);
			buildRules = (
			);
			dependencies = (
			);
			name = "Пользовательский интерфейс iOS-приложений";
			productName = "Пользовательский интерфейс iOS-приложений";
			productReference = 199484A8219442C8008DF759 /* Пользовательский интерфейс iOS-приложений.app */;
			productType = "com.apple.product-type.application";
		};
/* End PBXNativeTarget section */

/* Begin PBXProject section */
		199484A0219442C8008DF759 /* Project object */ = {
			isa = PBXProject;
			attributes = {
				LastSwiftUpdateCheck = 1010;
				LastUpgradeCheck = 1010;
				ORGANIZATIONNAME = "Дмитрий Юрасов";
				TargetAttributes = {
					199484A7219442C8008DF759 = {
						CreatedOnToolsVersion = 10.1;
					};
				};
			};
			buildConfigurationList = 199484A3219442C8008DF759 /* Build configuration list for PBXProject "Пользовательский интерфейс iOS-приложений" */;
			compatibilityVersion = "Xcode 9.3";
			developmentRegion = en;
			hasScannedForEncodings = 0;
			knownRegions = (
				en,
				Base,
			);
			mainGroup = 1994849F219442C8008DF759;
			productRefGroup = 199484A9219442C8008DF759 /* Products */;
			projectDirPath = "";
			projectRoot = "";
			targets = (
				199484A7219442C8008DF759 /* Пользовательский интерфейс iOS-приложений */,
			);
		};
/* End PBXProject section */

/* Begin PBXResourcesBuildPhase section */
		199484A6219442C8008DF759 /* Resources */ = {
			isa = PBXResourcesBuildPhase;
			buildActionMask = 2147483647;
			files = (
				199484B6219442C9008DF759 /* LaunchScreen.storyboard in Resources */,
				199484B3219442C9008DF759 /* Assets.xcassets in Resources */,
				199484B1219442C8008DF759 /* Main.storyboard in Resources */,
			);
			runOnlyForDeploymentPostprocessing = 0;
		};
/* End PBXResourcesBuildPhase section */

/* Begin PBXSourcesBuildPhase section */
		199484A4219442C8008DF759 /* Sources */ = {
			isa = PBXSourcesBuildPhase;
			buildActionMask = 2147483647;
			files = (
				199484BE21944382008DF759 /* LoginFormController.swift in Sources */,
				C75A097121A03FDB00CEDDF2 /* FriendsViewController.swift in Sources */,
				C77A554021A18AA400431027 /* FilterCell.swift in Sources */,
				C75A097321A0401500CEDDF2 /* FriendsCell.swift in Sources */,
				C75A096C21A02A1000CEDDF2 /* MyFriendsController.swift in Sources */,
				C77A553E21A18A8300431027 /* FilterViewController.swift in Sources */,
				C78B5B7F21A0121B00FC56A2 /* AllFriendsCell.swift in Sources */,
				C78B5B7D21A011E900FC56A2 /* AllFriendsController.swift in Sources */,
				C75A096E21A02A3000CEDDF2 /* MyFriendsCell.swift in Sources */,
				199484AE219442C8008DF759 /* ViewController.swift in Sources */,
				199484AC219442C8008DF759 /* AppDelegate.swift in Sources */,
			);
			runOnlyForDeploymentPostprocessing = 0;
		};
/* End PBXSourcesBuildPhase section */

/* Begin PBXVariantGroup section */
		199484AF219442C8008DF759 /* Main.storyboard */ = {
			isa = PBXVariantGroup;
			children = (
				199484B0219442C8008DF759 /* Base */,
			);
			name = Main.storyboard;
			sourceTree = "<group>";
		};
		199484B4219442C9008DF759 /* LaunchScreen.storyboard */ = {
			isa = PBXVariantGroup;
			children = (
				199484B5219442C9008DF759 /* Base */,
			);
			name = LaunchScreen.storyboard;
			sourceTree = "<group>";
		};
/* End PBXVariantGroup section */

/* Begin XCBuildConfiguration section */
		199484B8219442C9008DF759 /* Debug */ = {
			isa = XCBuildConfiguration;
			buildSettings = {
				ALWAYS_SEARCH_USER_PATHS = NO;
				CLANG_ANALYZER_NONNULL = YES;
				CLANG_ANALYZER_NUMBER_OBJECT_CONVERSION = YES_AGGRESSIVE;
				CLANG_CXX_LANGUAGE_STANDARD = "gnu++14";
				CLANG_CXX_LIBRARY = "libc++";
				CLANG_ENABLE_MODULES = YES;
				CLANG_ENABLE_OBJC_ARC = YES;
				CLANG_ENABLE_OBJC_WEAK = YES;
				CLANG_WARN_BLOCK_CAPTURE_AUTORELEASING = YES;
				CLANG_WARN_BOOL_CONVERSION = YES;
				CLANG_WARN_COMMA = YES;
				CLANG_WARN_CONSTANT_CONVERSION = YES;
				CLANG_WARN_DEPRECATED_OBJC_IMPLEMENTATIONS = YES;
				CLANG_WARN_DIRECT_OBJC_ISA_USAGE = YES_ERROR;
				CLANG_WARN_DOCUMENTATION_COMMENTS = YES;
				CLANG_WARN_EMPTY_BODY = YES;
				CLANG_WARN_ENUM_CONVERSION = YES;
				CLANG_WARN_INFINITE_RECURSION = YES;
				CLANG_WARN_INT_CONVERSION = YES;
				CLANG_WARN_NON_LITERAL_NULL_CONVERSION = YES;
				CLANG_WARN_OBJC_IMPLICIT_RETAIN_SELF = YES;
				CLANG_WARN_OBJC_LITERAL_CONVERSION = YES;
				CLANG_WARN_OBJC_ROOT_CLASS = YES_ERROR;
				CLANG_WARN_RANGE_LOOP_ANALYSIS = YES;
				CLANG_WARN_STRICT_PROTOTYPES = YES;
				CLANG_WARN_SUSPICIOUS_MOVE = YES;
				CLANG_WARN_UNGUARDED_AVAILABILITY = YES_AGGRESSIVE;
				CLANG_WARN_UNREACHABLE_CODE = YES;
				CLANG_WARN__DUPLICATE_METHOD_MATCH = YES;
				CODE_SIGN_IDENTITY = "iPhone Developer";
				COPY_PHASE_STRIP = NO;
				DEBUG_INFORMATION_FORMAT = dwarf;
				ENABLE_STRICT_OBJC_MSGSEND = YES;
				ENABLE_TESTABILITY = YES;
				GCC_C_LANGUAGE_STANDARD = gnu11;
				GCC_DYNAMIC_NO_PIC = NO;
				GCC_NO_COMMON_BLOCKS = YES;
				GCC_OPTIMIZATION_LEVEL = 0;
				GCC_PREPROCESSOR_DEFINITIONS = (
					"DEBUG=1",
					"$(inherited)",
				);
				GCC_WARN_64_TO_32_BIT_CONVERSION = YES;
				GCC_WARN_ABOUT_RETURN_TYPE = YES_ERROR;
				GCC_WARN_UNDECLARED_SELECTOR = YES;
				GCC_WARN_UNINITIALIZED_AUTOS = YES_AGGRESSIVE;
				GCC_WARN_UNUSED_FUNCTION = YES;
				GCC_WARN_UNUSED_VARIABLE = YES;
				IPHONEOS_DEPLOYMENT_TARGET = 12.1;
				MTL_ENABLE_DEBUG_INFO = INCLUDE_SOURCE;
				MTL_FAST_MATH = YES;
				ONLY_ACTIVE_ARCH = YES;
				SDKROOT = iphoneos;
				SWIFT_ACTIVE_COMPILATION_CONDITIONS = DEBUG;
				SWIFT_OPTIMIZATION_LEVEL = "-Onone";
			};
			name = Debug;
		};
		199484B9219442C9008DF759 /* Release */ = {
			isa = XCBuildConfiguration;
			buildSettings = {
				ALWAYS_SEARCH_USER_PATHS = NO;
				CLANG_ANALYZER_NONNULL = YES;
				CLANG_ANALYZER_NUMBER_OBJECT_CONVERSION = YES_AGGRESSIVE;
				CLANG_CXX_LANGUAGE_STANDARD = "gnu++14";
				CLANG_CXX_LIBRARY = "libc++";
				CLANG_ENABLE_MODULES = YES;
				CLANG_ENABLE_OBJC_ARC = YES;
				CLANG_ENABLE_OBJC_WEAK = YES;
				CLANG_WARN_BLOCK_CAPTURE_AUTORELEASING = YES;
				CLANG_WARN_BOOL_CONVERSION = YES;
				CLANG_WARN_COMMA = YES;
				CLANG_WARN_CONSTANT_CONVERSION = YES;
				CLANG_WARN_DEPRECATED_OBJC_IMPLEMENTATIONS = YES;
				CLANG_WARN_DIRECT_OBJC_ISA_USAGE = YES_ERROR;
				CLANG_WARN_DOCUMENTATION_COMMENTS = YES;
				CLANG_WARN_EMPTY_BODY = YES;
				CLANG_WARN_ENUM_CONVERSION = YES;
				CLANG_WARN_INFINITE_RECURSION = YES;
				CLANG_WARN_INT_CONVERSION = YES;
				CLANG_WARN_NON_LITERAL_NULL_CONVERSION = YES;
				CLANG_WARN_OBJC_IMPLICIT_RETAIN_SELF = YES;
				CLANG_WARN_OBJC_LITERAL_CONVERSION = YES;
				CLANG_WARN_OBJC_ROOT_CLASS = YES_ERROR;
				CLANG_WARN_RANGE_LOOP_ANALYSIS = YES;
				CLANG_WARN_STRICT_PROTOTYPES = YES;
				CLANG_WARN_SUSPICIOUS_MOVE = YES;
				CLANG_WARN_UNGUARDED_AVAILABILITY = YES_AGGRESSIVE;
				CLANG_WARN_UNREACHABLE_CODE = YES;
				CLANG_WARN__DUPLICATE_METHOD_MATCH = YES;
				CODE_SIGN_IDENTITY = "iPhone Developer";
				COPY_PHASE_STRIP = NO;
				DEBUG_INFORMATION_FORMAT = "dwarf-with-dsym";
				ENABLE_NS_ASSERTIONS = NO;
				ENABLE_STRICT_OBJC_MSGSEND = YES;
				GCC_C_LANGUAGE_STANDARD = gnu11;
				GCC_NO_COMMON_BLOCKS = YES;
				GCC_WARN_64_TO_32_BIT_CONVERSION = YES;
				GCC_WARN_ABOUT_RETURN_TYPE = YES_ERROR;
				GCC_WARN_UNDECLARED_SELECTOR = YES;
				GCC_WARN_UNINITIALIZED_AUTOS = YES_AGGRESSIVE;
				GCC_WARN_UNUSED_FUNCTION = YES;
				GCC_WARN_UNUSED_VARIABLE = YES;
				IPHONEOS_DEPLOYMENT_TARGET = 12.1;
				MTL_ENABLE_DEBUG_INFO = NO;
				MTL_FAST_MATH = YES;
				SDKROOT = iphoneos;
				SWIFT_COMPILATION_MODE = wholemodule;
				SWIFT_OPTIMIZATION_LEVEL = "-O";
				VALIDATE_PRODUCT = YES;
			};
			name = Release;
		};
		199484BB219442C9008DF759 /* Debug */ = {
			isa = XCBuildConfiguration;
			buildSettings = {
				ASSETCATALOG_COMPILER_APPICON_NAME = AppIcon;
				CODE_SIGN_STYLE = Automatic;
				DEVELOPMENT_TEAM = UJH34UPSB2;
				INFOPLIST_FILE = "Пользовательский интерфейс iOS-приложений/Info.plist";
				IPHONEOS_DEPLOYMENT_TARGET = 9.1;
				LD_RUNPATH_SEARCH_PATHS = (
					"$(inherited)",
					"@executable_path/Frameworks",
				);
				PRODUCT_BUNDLE_IDENTIFIER = "Singeron.-----------------------------iOS------------";
				PRODUCT_NAME = "$(TARGET_NAME)";
				SWIFT_VERSION = 4.2;
				TARGETED_DEVICE_FAMILY = "1,2";
			};
			name = Debug;
		};
		199484BC219442C9008DF759 /* Release */ = {
			isa = XCBuildConfiguration;
			buildSettings = {
				ASSETCATALOG_COMPILER_APPICON_NAME = AppIcon;
				CODE_SIGN_STYLE = Automatic;
				DEVELOPMENT_TEAM = UJH34UPSB2;
				INFOPLIST_FILE = "Пользовательский интерфейс iOS-приложений/Info.plist";
				IPHONEOS_DEPLOYMENT_TARGET = 9.1;
				LD_RUNPATH_SEARCH_PATHS = (
					"$(inherited)",
					"@executable_path/Frameworks",
				);
				PRODUCT_BUNDLE_IDENTIFIER = "Singeron.-----------------------------iOS------------";
				PRODUCT_NAME = "$(TARGET_NAME)";
				SWIFT_VERSION = 4.2;
				TARGETED_DEVICE_FAMILY = "1,2";
			};
			name = Release;
		};
/* End XCBuildConfiguration section */

/* Begin XCConfigurationList section */
		199484A3219442C8008DF759 /* Build configuration list for PBXProject "Пользовательский интерфейс iOS-приложений" */ = {
			isa = XCConfigurationList;
			buildConfigurations = (
				199484B8219442C9008DF759 /* Debug */,
				199484B9219442C9008DF759 /* Release */,
			);
			defaultConfigurationIsVisible = 0;
			defaultConfigurationName = Release;
		};
		199484BA219442C9008DF759 /* Build configuration list for PBXNativeTarget "Пользовательский интерфейс iOS-приложений" */ = {
			isa = XCConfigurationList;
			buildConfigurations = (
				199484BB219442C9008DF759 /* Debug */,
				199484BC219442C9008DF759 /* Release */,
			);
			defaultConfigurationIsVisible = 0;
			defaultConfigurationName = Release;
		};
/* End XCConfigurationList section */
	};
	rootObject = 199484A0219442C8008DF759 /* Project object */;
}
